// !$*UTF8*$!
{
	archiveVersion = 1;
	classes = {
	};
	objectVersion = 55;
	objects = {

/* Begin PBXBuildFile section */
		2129C6E129BCEA9800341002 /* DoDontView.swift in Sources */ = {isa = PBXBuildFile; fileRef = 2129C6E029BCEA9800341002 /* DoDontView.swift */; };
		21E3A84B29BAEC440094A929 /* medmusic.mp3 in Resources */ = {isa = PBXBuildFile; fileRef = 21E3A84A29BAEC440094A929 /* medmusic.mp3 */; };
		21E3A84F29BC01420094A929 /* AmericanView.swift in Sources */ = {isa = PBXBuildFile; fileRef = 21E3A84E29BC01420094A929 /* AmericanView.swift */; };
		21E3A85129BCE2A00094A929 /* IndianView.swift in Sources */ = {isa = PBXBuildFile; fileRef = 21E3A85029BCE2A00094A929 /* IndianView.swift */; };
		FB1FE8EE29BA162900D405C4 /* epilepsyApp.swift in Sources */ = {isa = PBXBuildFile; fileRef = FB1FE8ED29BA162900D405C4 /* epilepsyApp.swift */; };
		FB1FE8F029BA162900D405C4 /* ContentView.swift in Sources */ = {isa = PBXBuildFile; fileRef = FB1FE8EF29BA162900D405C4 /* ContentView.swift */; };
		FB1FE8F229BA162A00D405C4 /* Assets.xcassets in Resources */ = {isa = PBXBuildFile; fileRef = FB1FE8F129BA162A00D405C4 /* Assets.xcassets */; };
		FB1FE8F529BA162A00D405C4 /* Preview Assets.xcassets in Resources */ = {isa = PBXBuildFile; fileRef = FB1FE8F429BA162A00D405C4 /* Preview Assets.xcassets */; };
		FB1FE8FF29BA17A400D405C4 /* TabBar.swift in Sources */ = {isa = PBXBuildFile; fileRef = FB1FE8FE29BA17A400D405C4 /* TabBar.swift */; };
		FB1FE90129BA2D9B00D405C4 /* MeditationView.swift in Sources */ = {isa = PBXBuildFile; fileRef = FB1FE90029BA2D9B00D405C4 /* MeditationView.swift */; };
		FB1FE90329BA401700D405C4 /* PlayerView.swift in Sources */ = {isa = PBXBuildFile; fileRef = FB1FE90229BA401700D405C4 /* PlayerView.swift */; };
		FB1FE90529BA55A100D405C4 /* PlaybackControlButton.swift in Sources */ = {isa = PBXBuildFile; fileRef = FB1FE90429BA55A100D405C4 /* PlaybackControlButton.swift */; };
		FB1FE90729BA761100D405C4 /* MeditationViewModel.swift in Sources */ = {isa = PBXBuildFile; fileRef = FB1FE90629BA761000D405C4 /* MeditationViewModel.swift */; };
		FBD063FC29BAE3AD000127F9 /* dietView.swift in Sources */ = {isa = PBXBuildFile; fileRef = FBD063FB29BAE3AD000127F9 /* dietView.swift */; };
		FBFB468F29BA7E2B00BC97F6 /* Extensions.swift in Sources */ = {isa = PBXBuildFile; fileRef = FBFB468E29BA7E2B00BC97F6 /* Extensions.swift */; };
		FBFB469229BA82E800BC97F6 /* AudioManager.swift in Sources */ = {isa = PBXBuildFile; fileRef = FBFB469129BA82E800BC97F6 /* AudioManager.swift */; };
/* End PBXBuildFile section */

/* Begin PBXFileReference section */
		2129C6E029BCEA9800341002 /* DoDontView.swift */ = {isa = PBXFileReference; lastKnownFileType = sourcecode.swift; path = DoDontView.swift; sourceTree = "<group>"; };
		21E3A84A29BAEC440094A929 /* medmusic.mp3 */ = {isa = PBXFileReference; lastKnownFileType = audio.mp3; path = medmusic.mp3; sourceTree = "<group>"; };
		21E3A84C29BB66C30094A929 /* Info.plist */ = {isa = PBXFileReference; fileEncoding = 4; lastKnownFileType = text.plist.xml; path = Info.plist; sourceTree = "<group>"; };
		21E3A84E29BC01420094A929 /* AmericanView.swift */ = {isa = PBXFileReference; lastKnownFileType = sourcecode.swift; path = AmericanView.swift; sourceTree = "<group>"; };
		21E3A85029BCE2A00094A929 /* IndianView.swift */ = {isa = PBXFileReference; lastKnownFileType = sourcecode.swift; path = IndianView.swift; sourceTree = "<group>"; };
		FB1FE8EA29BA162900D405C4 /* epilepsy.app */ = {isa = PBXFileReference; explicitFileType = wrapper.application; includeInIndex = 0; path = epilepsy.app; sourceTree = BUILT_PRODUCTS_DIR; };
		FB1FE8ED29BA162900D405C4 /* epilepsyApp.swift */ = {isa = PBXFileReference; lastKnownFileType = sourcecode.swift; path = epilepsyApp.swift; sourceTree = "<group>"; };
		FB1FE8EF29BA162900D405C4 /* ContentView.swift */ = {isa = PBXFileReference; lastKnownFileType = sourcecode.swift; path = ContentView.swift; sourceTree = "<group>"; };
		FB1FE8F129BA162A00D405C4 /* Assets.xcassets */ = {isa = PBXFileReference; lastKnownFileType = folder.assetcatalog; path = Assets.xcassets; sourceTree = "<group>"; };
		FB1FE8F429BA162A00D405C4 /* Preview Assets.xcassets */ = {isa = PBXFileReference; lastKnownFileType = folder.assetcatalog; path = "Preview Assets.xcassets"; sourceTree = "<group>"; };
		FB1FE8FE29BA17A400D405C4 /* TabBar.swift */ = {isa = PBXFileReference; lastKnownFileType = sourcecode.swift; path = TabBar.swift; sourceTree = "<group>"; };
		FB1FE90029BA2D9B00D405C4 /* MeditationView.swift */ = {isa = PBXFileReference; lastKnownFileType = sourcecode.swift; path = MeditationView.swift; sourceTree = "<group>"; };
		FB1FE90229BA401700D405C4 /* PlayerView.swift */ = {isa = PBXFileReference; lastKnownFileType = sourcecode.swift; path = PlayerView.swift; sourceTree = "<group>"; };
		FB1FE90429BA55A100D405C4 /* PlaybackControlButton.swift */ = {isa = PBXFileReference; lastKnownFileType = sourcecode.swift; path = PlaybackControlButton.swift; sourceTree = "<group>"; };
		FB1FE90629BA761000D405C4 /* MeditationViewModel.swift */ = {isa = PBXFileReference; lastKnownFileType = sourcecode.swift; path = MeditationViewModel.swift; sourceTree = "<group>"; };
		FBD063FB29BAE3AD000127F9 /* dietView.swift */ = {isa = PBXFileReference; lastKnownFileType = sourcecode.swift; path = dietView.swift; sourceTree = "<group>"; };
		FBFB468E29BA7E2B00BC97F6 /* Extensions.swift */ = {isa = PBXFileReference; lastKnownFileType = sourcecode.swift; path = Extensions.swift; sourceTree = "<group>"; };
		FBFB469129BA82E800BC97F6 /* AudioManager.swift */ = {isa = PBXFileReference; lastKnownFileType = sourcecode.swift; path = AudioManager.swift; sourceTree = "<group>"; };
/* End PBXFileReference section */

/* Begin PBXFrameworksBuildPhase section */
		FB1FE8E729BA162900D405C4 /* Frameworks */ = {
			isa = PBXFrameworksBuildPhase;
			buildActionMask = 2147483647;
			files = (
			);
			runOnlyForDeploymentPostprocessing = 0;
		};
/* End PBXFrameworksBuildPhase section */

/* Begin PBXGroup section */
		FB1FE8E129BA162900D405C4 = {
			isa = PBXGroup;
			children = (
				FB1FE8EC29BA162900D405C4 /* epilepsy */,
				FB1FE8EB29BA162900D405C4 /* Products */,
			);
			sourceTree = "<group>";
		};
		FB1FE8EB29BA162900D405C4 /* Products */ = {
			isa = PBXGroup;
			children = (
				FB1FE8EA29BA162900D405C4 /* epilepsy.app */,
			);
			name = Products;
			sourceTree = "<group>";
		};
		FB1FE8EC29BA162900D405C4 /* epilepsy */ = {
			isa = PBXGroup;
			children = (
				21E3A84C29BB66C30094A929 /* Info.plist */,
				FBD063FA29BAE393000127F9 /* DietApp */,
				FB1FE8FB29BA16C700D405C4 /* View */,
				FB1FE8ED29BA162900D405C4 /* epilepsyApp.swift */,
				FB1FE8EF29BA162900D405C4 /* ContentView.swift */,
				FBFB469029BA82AB00BC97F6 /* Meditation App */,
				FB1FE8F129BA162A00D405C4 /* Assets.xcassets */,
				21E3A84A29BAEC440094A929 /* medmusic.mp3 */,
				FB1FE8F329BA162A00D405C4 /* Preview Content */,
			);
			path = epilepsy;
			sourceTree = "<group>";
		};
		FB1FE8F329BA162A00D405C4 /* Preview Content */ = {
			isa = PBXGroup;
			children = (
				FB1FE8F429BA162A00D405C4 /* Preview Assets.xcassets */,
			);
			path = "Preview Content";
			sourceTree = "<group>";
		};
		FB1FE8FB29BA16C700D405C4 /* View */ = {
			isa = PBXGroup;
			children = (
				FB1FE8FE29BA17A400D405C4 /* TabBar.swift */,
			);
			path = View;
			sourceTree = "<group>";
		};
		FBD063FA29BAE393000127F9 /* DietApp */ = {
			isa = PBXGroup;
			children = (
				FBD063FB29BAE3AD000127F9 /* dietView.swift */,
				21E3A84E29BC01420094A929 /* AmericanView.swift */,
				21E3A85029BCE2A00094A929 /* IndianView.swift */,
				2129C6E029BCEA9800341002 /* DoDontView.swift */,
			);
			path = DietApp;
			sourceTree = "<group>";
		};
		FBFB469029BA82AB00BC97F6 /* Meditation App */ = {
			isa = PBXGroup;
			children = (
				FBFB468E29BA7E2B00BC97F6 /* Extensions.swift */,
				FB1FE90629BA761000D405C4 /* MeditationViewModel.swift */,
				FB1FE90229BA401700D405C4 /* PlayerView.swift */,
				FB1FE90029BA2D9B00D405C4 /* MeditationView.swift */,
				FB1FE90429BA55A100D405C4 /* PlaybackControlButton.swift */,
				FBFB469129BA82E800BC97F6 /* AudioManager.swift */,
			);
			path = "Meditation App";
			sourceTree = "<group>";
		};
/* End PBXGroup section */

/* Begin PBXNativeTarget section */
		FB1FE8E929BA162900D405C4 /* epilepsy */ = {
			isa = PBXNativeTarget;
			buildConfigurationList = FB1FE8F829BA162A00D405C4 /* Build configuration list for PBXNativeTarget "epilepsy" */;
			buildPhases = (
				FB1FE8E629BA162900D405C4 /* Sources */,
				FB1FE8E729BA162900D405C4 /* Frameworks */,
				FB1FE8E829BA162900D405C4 /* Resources */,
			);
			buildRules = (
			);
			dependencies = (
			);
			name = epilepsy;
			productName = epilepsy;
			productReference = FB1FE8EA29BA162900D405C4 /* epilepsy.app */;
			productType = "com.apple.product-type.application";
		};
/* End PBXNativeTarget section */

/* Begin PBXProject section */
		FB1FE8E229BA162900D405C4 /* Project object */ = {
			isa = PBXProject;
			attributes = {
				BuildIndependentTargetsInParallel = 1;
				LastSwiftUpdateCheck = 1340;
				LastUpgradeCheck = 1340;
				TargetAttributes = {
					FB1FE8E929BA162900D405C4 = {
						CreatedOnToolsVersion = 13.4;
					};
				};
			};
			buildConfigurationList = FB1FE8E529BA162900D405C4 /* Build configuration list for PBXProject "epilepsy" */;
			compatibilityVersion = "Xcode 13.0";
			developmentRegion = en;
			hasScannedForEncodings = 0;
			knownRegions = (
				en,
				Base,
			);
			mainGroup = FB1FE8E129BA162900D405C4;
			productRefGroup = FB1FE8EB29BA162900D405C4 /* Products */;
			projectDirPath = "";
			projectRoot = "";
			targets = (
				FB1FE8E929BA162900D405C4 /* epilepsy */,
			);
		};
/* End PBXProject section */

/* Begin PBXResourcesBuildPhase section */
		FB1FE8E829BA162900D405C4 /* Resources */ = {
			isa = PBXResourcesBuildPhase;
			buildActionMask = 2147483647;
			files = (
				FB1FE8F529BA162A00D405C4 /* Preview Assets.xcassets in Resources */,
				21E3A84B29BAEC440094A929 /* medmusic.mp3 in Resources */,
				FB1FE8F229BA162A00D405C4 /* Assets.xcassets in Resources */,
			);
			runOnlyForDeploymentPostprocessing = 0;
		};
/* End PBXResourcesBuildPhase section */

/* Begin PBXSourcesBuildPhase section */
		FB1FE8E629BA162900D405C4 /* Sources */ = {
			isa = PBXSourcesBuildPhase;
			buildActionMask = 2147483647;
			files = (
				FBD063FC29BAE3AD000127F9 /* dietView.swift in Sources */,
				FB1FE90729BA761100D405C4 /* MeditationViewModel.swift in Sources */,
				FB1FE90129BA2D9B00D405C4 /* MeditationView.swift in Sources */,
				FB1FE8FF29BA17A400D405C4 /* TabBar.swift in Sources */,
				2129C6E129BCEA9800341002 /* DoDontView.swift in Sources */,
				FBFB468F29BA7E2B00BC97F6 /* Extensions.swift in Sources */,
				21E3A85129BCE2A00094A929 /* IndianView.swift in Sources */,
				FB1FE8F029BA162900D405C4 /* ContentView.swift in Sources */,
				21E3A84F29BC01420094A929 /* AmericanView.swift in Sources */,
				FB1FE90329BA401700D405C4 /* PlayerView.swift in Sources */,
				FBFB469229BA82E800BC97F6 /* AudioManager.swift in Sources */,
				FB1FE90529BA55A100D405C4 /* PlaybackControlButton.swift in Sources */,
				FB1FE8EE29BA162900D405C4 /* epilepsyApp.swift in Sources */,
			);
			runOnlyForDeploymentPostprocessing = 0;
		};
/* End PBXSourcesBuildPhase section */

/* Begin XCBuildConfiguration section */
		FB1FE8F629BA162A00D405C4 /* Debug */ = {
			isa = XCBuildConfiguration;
			buildSettings = {
				ALWAYS_SEARCH_USER_PATHS = NO;
				CLANG_ANALYZER_NONNULL = YES;
				CLANG_ANALYZER_NUMBER_OBJECT_CONVERSION = YES_AGGRESSIVE;
				CLANG_CXX_LANGUAGE_STANDARD = "gnu++17";
				CLANG_ENABLE_MODULES = YES;
				CLANG_ENABLE_OBJC_ARC = YES;
				CLANG_ENABLE_OBJC_WEAK = YES;
				CLANG_WARN_BLOCK_CAPTURE_AUTORELEASING = YES;
				CLANG_WARN_BOOL_CONVERSION = YES;
				CLANG_WARN_COMMA = YES;
				CLANG_WARN_CONSTANT_CONVERSION = YES;
				CLANG_WARN_DEPRECATED_OBJC_IMPLEMENTATIONS = YES;
				CLANG_WARN_DIRECT_OBJC_ISA_USAGE = YES_ERROR;
				CLANG_WARN_DOCUMENTATION_COMMENTS = YES;
				CLANG_WARN_EMPTY_BODY = YES;
				CLANG_WARN_ENUM_CONVERSION = YES;
				CLANG_WARN_INFINITE_RECURSION = YES;
				CLANG_WARN_INT_CONVERSION = YES;
				CLANG_WARN_NON_LITERAL_NULL_CONVERSION = YES;
				CLANG_WARN_OBJC_IMPLICIT_RETAIN_SELF = YES;
				CLANG_WARN_OBJC_LITERAL_CONVERSION = YES;
				CLANG_WARN_OBJC_ROOT_CLASS = YES_ERROR;
				CLANG_WARN_QUOTED_INCLUDE_IN_FRAMEWORK_HEADER = YES;
				CLANG_WARN_RANGE_LOOP_ANALYSIS = YES;
				CLANG_WARN_STRICT_PROTOTYPES = YES;
				CLANG_WARN_SUSPICIOUS_MOVE = YES;
				CLANG_WARN_UNGUARDED_AVAILABILITY = YES_AGGRESSIVE;
				CLANG_WARN_UNREACHABLE_CODE = YES;
				CLANG_WARN__DUPLICATE_METHOD_MATCH = YES;
				COPY_PHASE_STRIP = NO;
				DEBUG_INFORMATION_FORMAT = dwarf;
				ENABLE_STRICT_OBJC_MSGSEND = YES;
				ENABLE_TESTABILITY = YES;
				GCC_C_LANGUAGE_STANDARD = gnu11;
				GCC_DYNAMIC_NO_PIC = NO;
				GCC_NO_COMMON_BLOCKS = YES;
				GCC_OPTIMIZATION_LEVEL = 0;
				GCC_PREPROCESSOR_DEFINITIONS = (
					"DEBUG=1",
					"$(inherited)",
				);
				GCC_WARN_64_TO_32_BIT_CONVERSION = YES;
				GCC_WARN_ABOUT_RETURN_TYPE = YES_ERROR;
				GCC_WARN_UNDECLARED_SELECTOR = YES;
				GCC_WARN_UNINITIALIZED_AUTOS = YES_AGGRESSIVE;
				GCC_WARN_UNUSED_FUNCTION = YES;
				GCC_WARN_UNUSED_VARIABLE = YES;
				IPHONEOS_DEPLOYMENT_TARGET = 15.5;
				MTL_ENABLE_DEBUG_INFO = INCLUDE_SOURCE;
				MTL_FAST_MATH = YES;
				ONLY_ACTIVE_ARCH = YES;
				SDKROOT = iphoneos;
				SWIFT_ACTIVE_COMPILATION_CONDITIONS = DEBUG;
				SWIFT_OPTIMIZATION_LEVEL = "-Onone";
			};
			name = Debug;
		};
		FB1FE8F729BA162A00D405C4 /* Release */ = {
			isa = XCBuildConfiguration;
			buildSettings = {
				ALWAYS_SEARCH_USER_PATHS = NO;
				CLANG_ANALYZER_NONNULL = YES;
				CLANG_ANALYZER_NUMBER_OBJECT_CONVERSION = YES_AGGRESSIVE;
				CLANG_CXX_LANGUAGE_STANDARD = "gnu++17";
				CLANG_ENABLE_MODULES = YES;
				CLANG_ENABLE_OBJC_ARC = YES;
				CLANG_ENABLE_OBJC_WEAK = YES;
				CLANG_WARN_BLOCK_CAPTURE_AUTORELEASING = YES;
				CLANG_WARN_BOOL_CONVERSION = YES;
				CLANG_WARN_COMMA = YES;
				CLANG_WARN_CONSTANT_CONVERSION = YES;
				CLANG_WARN_DEPRECATED_OBJC_IMPLEMENTATIONS = YES;
				CLANG_WARN_DIRECT_OBJC_ISA_USAGE = YES_ERROR;
				CLANG_WARN_DOCUMENTATION_COMMENTS = YES;
				CLANG_WARN_EMPTY_BODY = YES;
				CLANG_WARN_ENUM_CONVERSION = YES;
				CLANG_WARN_INFINITE_RECURSION = YES;
				CLANG_WARN_INT_CONVERSION = YES;
				CLANG_WARN_NON_LITERAL_NULL_CONVERSION = YES;
				CLANG_WARN_OBJC_IMPLICIT_RETAIN_SELF = YES;
				CLANG_WARN_OBJC_LITERAL_CONVERSION = YES;
				CLANG_WARN_OBJC_ROOT_CLASS = YES_ERROR;
				CLANG_WARN_QUOTED_INCLUDE_IN_FRAMEWORK_HEADER = YES;
				CLANG_WARN_RANGE_LOOP_ANALYSIS = YES;
				CLANG_WARN_STRICT_PROTOTYPES = YES;
				CLANG_WARN_SUSPICIOUS_MOVE = YES;
				CLANG_WARN_UNGUARDED_AVAILABILITY = YES_AGGRESSIVE;
				CLANG_WARN_UNREACHABLE_CODE = YES;
				CLANG_WARN__DUPLICATE_METHOD_MATCH = YES;
				COPY_PHASE_STRIP = NO;
				DEBUG_INFORMATION_FORMAT = "dwarf-with-dsym";
				ENABLE_NS_ASSERTIONS = NO;
				ENABLE_STRICT_OBJC_MSGSEND = YES;
				GCC_C_LANGUAGE_STANDARD = gnu11;
				GCC_NO_COMMON_BLOCKS = YES;
				GCC_WARN_64_TO_32_BIT_CONVERSION = YES;
				GCC_WARN_ABOUT_RETURN_TYPE = YES_ERROR;
				GCC_WARN_UNDECLARED_SELECTOR = YES;
				GCC_WARN_UNINITIALIZED_AUTOS = YES_AGGRESSIVE;
				GCC_WARN_UNUSED_FUNCTION = YES;
				GCC_WARN_UNUSED_VARIABLE = YES;
				IPHONEOS_DEPLOYMENT_TARGET = 15.5;
				MTL_ENABLE_DEBUG_INFO = NO;
				MTL_FAST_MATH = YES;
				SDKROOT = iphoneos;
				SWIFT_COMPILATION_MODE = wholemodule;
				SWIFT_OPTIMIZATION_LEVEL = "-O";
				VALIDATE_PRODUCT = YES;
			};
			name = Release;
		};
		FB1FE8F929BA162A00D405C4 /* Debug */ = {
			isa = XCBuildConfiguration;
			buildSettings = {
				ASSETCATALOG_COMPILER_APPICON_NAME = AppIcon;
				ASSETCATALOG_COMPILER_GLOBAL_ACCENT_COLOR_NAME = AccentColor;
				CODE_SIGN_STYLE = Automatic;
				CURRENT_PROJECT_VERSION = 1;
				DEVELOPMENT_ASSET_PATHS = "\"epilepsy/Preview Content\"";
				ENABLE_PREVIEWS = YES;
				GENERATE_INFOPLIST_FILE = YES;
				INFOPLIST_FILE = epilepsy/Info.plist;
				INFOPLIST_KEY_UIApplicationSceneManifest_Generation = YES;
				INFOPLIST_KEY_UIApplicationSupportsIndirectInputEvents = YES;
				INFOPLIST_KEY_UILaunchScreen_Generation = YES;
				INFOPLIST_KEY_UISupportedInterfaceOrientations_iPad = "UIInterfaceOrientationPortrait UIInterfaceOrientationPortraitUpsideDown UIInterfaceOrientationLandscapeLeft UIInterfaceOrientationLandscapeRight";
				INFOPLIST_KEY_UISupportedInterfaceOrientations_iPhone = "UIInterfaceOrientationPortrait UIInterfaceOrientationLandscapeLeft UIInterfaceOrientationLandscapeRight";
				LD_RUNPATH_SEARCH_PATHS = (
					"$(inherited)",
					"@executable_path/Frameworks",
				);
				MARKETING_VERSION = 1.0;
				PRODUCT_BUNDLE_IDENTIFIER = ssingh24.epilepsy;
				PRODUCT_NAME = "$(TARGET_NAME)";
				SWIFT_EMIT_LOC_STRINGS = YES;
				SWIFT_VERSION = 5.0;
				TARGETED_DEVICE_FAMILY = "1,2";
			};
			name = Debug;
		};
		FB1FE8FA29BA162A00D405C4 /* Release */ = {
			isa = XCBuildConfiguration;
			buildSettings = {
				ASSETCATALOG_COMPILER_APPICON_NAME = AppIcon;
				ASSETCATALOG_COMPILER_GLOBAL_ACCENT_COLOR_NAME = AccentColor;
				CODE_SIGN_STYLE = Automatic;
				CURRENT_PROJECT_VERSION = 1;
				DEVELOPMENT_ASSET_PATHS = "\"epilepsy/Preview Content\"";
				ENABLE_PREVIEWS = YES;
				GENERATE_INFOPLIST_FILE = YES;
				INFOPLIST_FILE = epilepsy/Info.plist;
				INFOPLIST_KEY_UIApplicationSceneManifest_Generation = YES;
				INFOPLIST_KEY_UIApplicationSupportsIndirectInputEvents = YES;
				INFOPLIST_KEY_UILaunchScreen_Generation = YES;
				INFOPLIST_KEY_UISupportedInterfaceOrientations_iPad = "UIInterfaceOrientationPortrait UIInterfaceOrientationPortraitUpsideDown UIInterfaceOrientationLandscapeLeft UIInterfaceOrientationLandscapeRight";
				INFOPLIST_KEY_UISupportedInterfaceOrientations_iPhone = "UIInterfaceOrientationPortrait UIInterfaceOrientationLandscapeLeft UIInterfaceOrientationLandscapeRight";
				LD_RUNPATH_SEARCH_PATHS = (
					"$(inherited)",
					"@executable_path/Frameworks",
				);
				MARKETING_VERSION = 1.0;
				PRODUCT_BUNDLE_IDENTIFIER = ssingh24.epilepsy;
				PRODUCT_NAME = "$(TARGET_NAME)";
				SWIFT_EMIT_LOC_STRINGS = YES;
				SWIFT_VERSION = 5.0;
				TARGETED_DEVICE_FAMILY = "1,2";
			};
			name = Release;
		};
/* End XCBuildConfiguration section */

/* Begin XCConfigurationList section */
		FB1FE8E529BA162900D405C4 /* Build configuration list for PBXProject "epilepsy" */ = {
			isa = XCConfigurationList;
			buildConfigurations = (
				FB1FE8F629BA162A00D405C4 /* Debug */,
				FB1FE8F729BA162A00D405C4 /* Release */,
			);
			defaultConfigurationIsVisible = 0;
			defaultConfigurationName = Release;
		};
		FB1FE8F829BA162A00D405C4 /* Build configuration list for PBXNativeTarget "epilepsy" */ = {
			isa = XCConfigurationList;
			buildConfigurations = (
				FB1FE8F929BA162A00D405C4 /* Debug */,
				FB1FE8FA29BA162A00D405C4 /* Release */,
			);
			defaultConfigurationIsVisible = 0;
			defaultConfigurationName = Release;
		};
/* End XCConfigurationList section */
	};
	rootObject = FB1FE8E229BA162900D405C4 /* Project object */;
}
